schema: '2.0'
stages:
  data_ingestion:
    cmd: python -m src.data_ingestion
    deps:
    - path: config/config.yaml
      hash: md5
      md5: 2568659eb5b75c14ca0a4818cb983412
      size: 724
    - path: data/raw
      hash: md5
      md5: f637eb82ca5e56edfb0ba6b6fbfb65cb.dir
      size: 18650981
      nfiles: 2
    - path: src/data_ingestion.py
      hash: md5
      md5: df734c911c8367f127dc87c1f0d57c5f
      size: 2902
    outs:
    - path: data/interim/case_study1.csv
      hash: md5
      md5: 2aa72576b59d83c24d24880db3f9e603
      size: 3763288
    - path: data/interim/case_study2.csv
      hash: md5
      md5: e4f7337f6a5a05db8d7bcd1ed9f8a0cf
      size: 11330925
  data_transformation:
    cmd: python -m src.data_transformation
    deps:
    - path: config/config.yaml
      hash: md5
      md5: 2568659eb5b75c14ca0a4818cb983412
      size: 724
    - path: data/interim/case_study1.csv
      hash: md5
      md5: 2aa72576b59d83c24d24880db3f9e603
      size: 3763288
    - path: data/interim/case_study2.csv
      hash: md5
      md5: e4f7337f6a5a05db8d7bcd1ed9f8a0cf
      size: 11330925
    - path: src/data_transformation.py
      hash: md5
      md5: 4714d18a2f95f2ddd620c3fc7d62c706
      size: 4077
    outs:
    - path: data/processed/merged_data.csv
      hash: md5
      md5: 9306309848e608c858fb4eec2e8314ae
      size: 13357376
  feature_engineering:
    cmd: python -m src.feature_engineering
    deps:
    - path: config/config.yaml
      hash: md5
      md5: 2568659eb5b75c14ca0a4818cb983412
      size: 724
    - path: data/processed/merged_data.csv
      hash: md5
      md5: 9306309848e608c858fb4eec2e8314ae
      size: 13357376
    - path: src/feature_engineering.py
      hash: md5
      md5: e16e6bb65899ca51eed8f6f86adad551
      size: 2937
    outs:
    - path: data/processed/encoded_data.csv
      hash: md5
      md5: aefb325f769da32b1af4be43398d894d
      size: 12636000
  feature_selection:
    cmd: python -m src.feature_selection
    deps:
    - path: config/config.yaml
      hash: md5
      md5: 2568659eb5b75c14ca0a4818cb983412
      size: 724
    - path: data/processed/encoded_data.csv
      hash: md5
      md5: aefb325f769da32b1af4be43398d894d
      size: 12636000
    - path: src/feature_selection.py
      hash: md5
      md5: 21822de653dd9c807b82f0e215f3ee60
      size: 5249
    params:
      params.yaml:
        feature_selection.p_value_threshold: 0.05
        feature_selection.vif_threshold: 10
    outs:
    - path: data/processed/selected_data.csv
      hash: md5
      md5: 3bf20451b7f6ca29320c4d1659e79cfd
      size: 9296899
  feature_refinement:
    cmd: python -m src.feature_refinement
    deps:
    - path: config/config.yaml
      hash: md5
      md5: 2568659eb5b75c14ca0a4818cb983412
      size: 724
    - path: data/processed/selected_data.csv
      hash: md5
      md5: 3bf20451b7f6ca29320c4d1659e79cfd
      size: 9296899
    - path: src/feature_refinement.py
      hash: md5
      md5: 7c5a1dba5fb78db105fca76ea0edbf06
      size: 4307
    params:
      params.yaml:
        feature_refinement.correlation_threshold: 0.85
        feature_refinement.importance_threshold: 0.01
    outs:
    - path: data/processed/final_data.csv
      hash: md5
      md5: a903998bcf226760466fa48a0c577205
      size: 2908496
  model_trainer:
    cmd: python -m src.model_trainer
    deps:
    - path: config/config.yaml
      hash: md5
      md5: 2568659eb5b75c14ca0a4818cb983412
      size: 724
    - path: data/processed/final_data.csv
      hash: md5
      md5: a903998bcf226760466fa48a0c577205
      size: 2908496
    - path: src/model_evaluation.py
      hash: md5
      md5: 1dfe93fe2be7d27a9c40022a2291973a
      size: 1429
    - path: src/model_trainer.py
      hash: md5
      md5: bd26c871f5e496259a2adfe0a88b331e
      size: 7553
    params:
      params.yaml:
        model.random_state: 42
        model.test_size: 0.2
        smote.p0_multiplier: 1.8
        smote.p1_multiplier: 1.0
        smote.p2_multiplier: 2.0
        smote.p3_multiplier: 2.5
        xgboost.eval_metric: mlogloss
        xgboost.learning_rate: 0.1
        xgboost.max_depth: 5
        xgboost.n_estimators: 200
    outs:
    - path: artifacts/model/model.pkl
      hash: md5
      md5: 7d8d6b41114627e950a804abd8f6338d
      size: 1983034
    - path: reports/metrics.json
      hash: md5
      md5: a37d35affaa215efa64ea7b9ed8a2590
      size: 628
    - path: reports/model_info.json
      hash: md5
      md5: 9ad13533b1e9cf738d3c3f333bffe728
      size: 158
  model_evaluation:
    cmd: python -m src.model_evaluation
    deps:
    - path: artifacts/model/model.pkl
      hash: md5
      md5: 7d8d6b41114627e950a804abd8f6338d
      size: 1983034
    - path: config/config.yaml
      hash: md5
      md5: 2568659eb5b75c14ca0a4818cb983412
      size: 724
    - path: data/processed/final_data.csv
      hash: md5
      md5: a903998bcf226760466fa48a0c577205
      size: 2908496
    - path: src/model_evaluation.py
      hash: md5
      md5: a6ec970f9930f5e5a1144c49ae2a6450
      size: 2799
  model_training:
    cmd: python -m src.model_trainer
    deps:
    - path: config/config.yaml
      hash: md5
      md5: 2568659eb5b75c14ca0a4818cb983412
      size: 724
    - path: data/processed/final_data.csv
      hash: md5
      md5: a903998bcf226760466fa48a0c577205
      size: 2908496
    - path: src/model_evaluation.py
      hash: md5
      md5: e2547cd0b50159225da7ae049beb20f9
      size: 1702
    - path: src/model_trainer.py
      hash: md5
      md5: 09a56352836a6c09c37c38181d6c0910
      size: 9420
    params:
      params.yaml:
        model.random_state: 42
        model.test_size: 0.2
        smote.p0_multiplier: 1.8
        smote.p1_multiplier: 1.0
        smote.p2_multiplier: 2.0
        smote.p3_multiplier: 2.5
    outs:
    - path: artifacts/model/model.pkl
      hash: md5
      md5: ad86ca98ffeefc8dec9600cd1babba08
      size: 2909477
    - path: reports/metrics.json
      hash: md5
      md5: 1361bab5a0370412bcd5e379e2bc91c9
      size: 569
    - path: reports/model_info.json
      hash: md5
      md5: 854e2b1fed1af3d0f4afb1f90a7cd278
      size: 158
