schema: '2.0'
stages:
  data_ingestion:
    cmd: python -m src.data_ingestion
    deps:
    - path: config/config.yaml
      hash: md5
      md5: 2568659eb5b75c14ca0a4818cb983412
      size: 724
    - path: data/raw
      hash: md5
      md5: f637eb82ca5e56edfb0ba6b6fbfb65cb.dir
      size: 18650981
      nfiles: 2
    - path: src/data_ingestion.py
      hash: md5
      md5: df734c911c8367f127dc87c1f0d57c5f
      size: 2902
    outs:
    - path: data/interim/case_study1.csv
      hash: md5
      md5: 2aa72576b59d83c24d24880db3f9e603
      size: 3763288
    - path: data/interim/case_study2.csv
      hash: md5
      md5: e4f7337f6a5a05db8d7bcd1ed9f8a0cf
      size: 11330925
  data_transformation:
    cmd: python -m src.data_transformation
    deps:
    - path: config/config.yaml
      hash: md5
      md5: 2568659eb5b75c14ca0a4818cb983412
      size: 724
    - path: data/interim/case_study1.csv
      hash: md5
      md5: 2aa72576b59d83c24d24880db3f9e603
      size: 3763288
    - path: data/interim/case_study2.csv
      hash: md5
      md5: e4f7337f6a5a05db8d7bcd1ed9f8a0cf
      size: 11330925
    - path: src/data_transformation.py
      hash: md5
      md5: 4714d18a2f95f2ddd620c3fc7d62c706
      size: 4077
    outs:
    - path: data/processed/merged_data.csv
      hash: md5
      md5: 9306309848e608c858fb4eec2e8314ae
      size: 13357376
  feature_engineering:
    cmd: python -m src.feature_engineering
    deps:
    - path: config/config.yaml
      hash: md5
      md5: 2568659eb5b75c14ca0a4818cb983412
      size: 724
    - path: data/processed/merged_data.csv
      hash: md5
      md5: 9306309848e608c858fb4eec2e8314ae
      size: 13357376
    - path: src/feature_engineering.py
      hash: md5
      md5: 1386934530509bbba229c1230d195378
      size: 2569
    outs:
    - path: data/processed/encoded_data.csv
      hash: md5
      md5: aefb325f769da32b1af4be43398d894d
      size: 12636000
  feature_selection:
    cmd: python -m src.feature_selection
    deps:
    - path: config/config.yaml
      hash: md5
      md5: 2568659eb5b75c14ca0a4818cb983412
      size: 724
    - path: data/processed/encoded_data.csv
      hash: md5
      md5: aefb325f769da32b1af4be43398d894d
      size: 12636000
    - path: src/feature_selection.py
      hash: md5
      md5: 21822de653dd9c807b82f0e215f3ee60
      size: 5249
    params:
      params.yaml:
        feature_selection.p_value_threshold: 0.05
        feature_selection.vif_threshold: 10
    outs:
    - path: data/processed/selected_data.csv
      hash: md5
      md5: 3bf20451b7f6ca29320c4d1659e79cfd
      size: 9296899
  feature_refinement:
    cmd: python -m src.feature_refinement
    deps:
    - path: config/config.yaml
      hash: md5
      md5: 2568659eb5b75c14ca0a4818cb983412
      size: 724
    - path: data/processed/selected_data.csv
      hash: md5
      md5: 3bf20451b7f6ca29320c4d1659e79cfd
      size: 9296899
    - path: src/feature_refinement.py
      hash: md5
      md5: 7c5a1dba5fb78db105fca76ea0edbf06
      size: 4307
    params:
      params.yaml:
        feature_refinement.correlation_threshold: 0.85
        feature_refinement.importance_threshold: 0.01
    outs:
    - path: data/processed/final_data.csv
      hash: md5
      md5: a903998bcf226760466fa48a0c577205
      size: 2908496
  model_trainer:
    cmd: python -m src.model_trainer
    deps:
    - path: config/config.yaml
      hash: md5
      md5: 2568659eb5b75c14ca0a4818cb983412
      size: 724
    - path: data/processed/final_data.csv
      hash: md5
      md5: a903998bcf226760466fa48a0c577205
      size: 2908496
    - path: src/model_trainer.py
      hash: md5
      md5: 31fdd082e1761eb930e1abc255e35314
      size: 4400
    params:
      params.yaml:
        model.random_state: 42
        model.test_size: 0.2
        smote.p0_multiplier: 1.8
        smote.p1_multiplier: 1.0
        smote.p2_multiplier: 2.0
        smote.p3_multiplier: 2.5
        xgboost.eval_metric: mlogloss
        xgboost.learning_rate: 0.1
        xgboost.max_depth: 5
        xgboost.n_estimators: 200
    outs:
    - path: artifacts/model/model.pkl
      hash: md5
      md5: 7d8d6b41114627e950a804abd8f6338d
      size: 1983034
