schema: '2.0'
stages:
  data_ingestion:
    cmd: python -m src.data_ingestion
    deps:
    - path: config/config.yaml
      hash: md5
      md5: 2568659eb5b75c14ca0a4818cb983412
      size: 724
    - path: data/raw
      hash: md5
      md5: f637eb82ca5e56edfb0ba6b6fbfb65cb.dir
      size: 18650981
      nfiles: 2
    - path: src/data_ingestion.py
      hash: md5
      md5: df734c911c8367f127dc87c1f0d57c5f
      size: 2902
    outs:
    - path: data/interim/case_study1.csv
      hash: md5
      md5: 2aa72576b59d83c24d24880db3f9e603
      size: 3763288
    - path: data/interim/case_study2.csv
      hash: md5
      md5: e4f7337f6a5a05db8d7bcd1ed9f8a0cf
      size: 11330925
  data_transformation:
    cmd: python -m src.data_transformation
    deps:
    - path: config/config.yaml
      hash: md5
      md5: 2568659eb5b75c14ca0a4818cb983412
      size: 724
    - path: data/interim/case_study1.csv
      hash: md5
      md5: 2aa72576b59d83c24d24880db3f9e603
      size: 3763288
    - path: data/interim/case_study2.csv
      hash: md5
      md5: e4f7337f6a5a05db8d7bcd1ed9f8a0cf
      size: 11330925
    - path: src/data_transformation.py
      hash: md5
      md5: 4714d18a2f95f2ddd620c3fc7d62c706
      size: 4077
    outs:
    - path: data/processed/merged_data.csv
      hash: md5
      md5: 9306309848e608c858fb4eec2e8314ae
      size: 13357376
  feature_engineering:
    cmd: python -m src.feature_engineering
    deps:
    - path: config/config.yaml
      hash: md5
      md5: 2568659eb5b75c14ca0a4818cb983412
      size: 724
    - path: data/processed/merged_data.csv
      hash: md5
      md5: 9306309848e608c858fb4eec2e8314ae
      size: 13357376
    - path: src/feature_engineering.py
      hash: md5
      md5: 0cf2555ef9c8141d7aa1de0b28ce2feb
      size: 2579
    outs:
    - path: data/processed/encoded_data.csv
      hash: md5
      md5: aefb325f769da32b1af4be43398d894d
      size: 12636000
  feature_selection:
    cmd: python -m src.feature_selection
    deps:
    - path: config/config.yaml
      hash: md5
      md5: 2568659eb5b75c14ca0a4818cb983412
      size: 724
    - path: data/processed/encoded_data.csv
      hash: md5
      md5: aefb325f769da32b1af4be43398d894d
      size: 12636000
    - path: src/feature_selection.py
      hash: md5
      md5: 21822de653dd9c807b82f0e215f3ee60
      size: 5249
    params:
      params.yaml:
        feature_selection.p_value_threshold: 0.05
        feature_selection.vif_threshold: 10
    outs:
    - path: data/processed/selected_data.csv
      hash: md5
      md5: 3bf20451b7f6ca29320c4d1659e79cfd
      size: 9296899
